
Microsoft Visual Studio Solution File, Format Version 12.00
# Visual Studio Version 17
VisualStudioVersion = 17.7.34221.43
MinimumVisualStudioVersion = 10.0.40219.1
Project("{FAE04EC0-301F-11D3-BF4B-00C04F79EFBC}") = "SecOPs Suite", "SecOPs Suite.csproj", "{06725AEF-090F-46D1-82F3-05E3864448EB}"
EndProject
Global
	GlobalSection(SolutionConfigurationPlatforms) = preSolution
		Debug|Any CPU = Debug|Any CPU
		Release|Any CPU = Release|Any CPU
	EndGlobalSection
	GlobalSection(ProjectConfigurationPlatforms) = postSolution
		{06725AEF-090F-46D1-82F3-05E3864448EB}.Debug|Any CPU.ActiveCfg = Debug|Any CPU
		{06725AEF-090F-46D1-82F3-05E3864448EB}.Debug|Any CPU.Build.0 = Debug|Any CPU
		{06725AEF-090F-46D1-82F3-05E3864448EB}.Release|Any CPU.ActiveCfg = Release|Any CPU
		{06725AEF-090F-46D1-82F3-05E3864448EB}.Release|Any CPU.Build.0 = Release|Any CPU
	EndGlobalSection
	GlobalSection(SolutionProperties) = preSolution
		HideSolutionNode = FALSE
	EndGlobalSection
	GlobalSection(ExtensibilityGlobals) = postSolution
		SolutionGuid = {6B598365-A860-419D-AF6B-3B625EC2CA4A}
	EndGlobalSection
EndGlobal
